
Microsoft Visual Studio Solution File, Format Version 12.00
# Visual Studio Version 17
VisualStudioVersion = 17.0.31903.59
MinimumVisualStudioVersion = 10.0.40219.1
Project("{FAE04EC0-301F-11D3-BF4B-00C04F79EFBC}") = "ClientesCrud.Testes", "ClientesCrud.Testes\ClientesCrud.Testes.csproj", "{13CB3321-2232-4D7E-8442-331A04C326F9}"
EndProject
Project("{FAE04EC0-301F-11D3-BF4B-00C04F79EFBC}") = "ClientesCrud", "ClientesCrud\ClientesCrud.csproj", "{8C1264FE-6ACB-4D62-BFB4-18800026E578}"
EndProject
Global
	GlobalSection(SolutionConfigurationPlatforms) = preSolution
		Debug|Any CPU = Debug|Any CPU
		Release|Any CPU = Release|Any CPU
	EndGlobalSection
	GlobalSection(SolutionProperties) = preSolution
		HideSolutionNode = FALSE
	EndGlobalSection
	GlobalSection(ProjectConfigurationPlatforms) = postSolution
		{13CB3321-2232-4D7E-8442-331A04C326F9}.Debug|Any CPU.ActiveCfg = Debug|Any CPU
		{13CB3321-2232-4D7E-8442-331A04C326F9}.Debug|Any CPU.Build.0 = Debug|Any CPU
		{13CB3321-2232-4D7E-8442-331A04C326F9}.Release|Any CPU.ActiveCfg = Release|Any CPU
		{13CB3321-2232-4D7E-8442-331A04C326F9}.Release|Any CPU.Build.0 = Release|Any CPU
		{8C1264FE-6ACB-4D62-BFB4-18800026E578}.Debug|Any CPU.ActiveCfg = Debug|Any CPU
		{8C1264FE-6ACB-4D62-BFB4-18800026E578}.Debug|Any CPU.Build.0 = Debug|Any CPU
		{8C1264FE-6ACB-4D62-BFB4-18800026E578}.Release|Any CPU.ActiveCfg = Release|Any CPU
		{8C1264FE-6ACB-4D62-BFB4-18800026E578}.Release|Any CPU.Build.0 = Release|Any CPU
	EndGlobalSection
EndGlobal
